
Microsoft Visual Studio Solution File, Format Version 12.00
# Visual Studio Version 17
Project("{8BC9CEB8-8B4A-11D0-8D11-00A0C91BC942}") = "ALL_BUILD", "ALL_BUILD.vcxproj", "{68F1BF8A-2146-342B-8646-DA88AC49F401}"
	ProjectSection(ProjectDependencies) = postProject
		{113C053D-13BB-3894-8A44-80A7502E745E} = {113C053D-13BB-3894-8A44-80A7502E745E}
		{6D49F378-5EB4-3778-80F8-CFFEE9DD48E8} = {6D49F378-5EB4-3778-80F8-CFFEE9DD48E8}
		{D58F94A3-1050-38F8-A7F1-3B3FF679DD54} = {D58F94A3-1050-38F8-A7F1-3B3FF679DD54}
		{3A8FB88F-B468-3629-B768-A95935FD73F2} = {3A8FB88F-B468-3629-B768-A95935FD73F2}
		{E67D7F69-D02A-35CE-968E-9D75E66D9CDE} = {E67D7F69-D02A-35CE-968E-9D75E66D9CDE}
		{A1BB0F0B-568A-3FB6-AD7E-CC3D1A46D144} = {A1BB0F0B-568A-3FB6-AD7E-CC3D1A46D144}
	EndProjectSection
EndProject
Project("{8BC9CEB8-8B4A-11D0-8D11-00A0C91BC942}") = "RUN_TESTS", "RUN_TESTS.vcxproj", "{9D26A4D4-2A41-3EEA-B99C-A8F283C93EF3}"
	ProjectSection(ProjectDependencies) = postProject
		{113C053D-13BB-3894-8A44-80A7502E745E} = {113C053D-13BB-3894-8A44-80A7502E745E}
	EndProjectSection
EndProject
Project("{8BC9CEB8-8B4A-11D0-8D11-00A0C91BC942}") = "ZERO_CHECK", "ZERO_CHECK.vcxproj", "{113C053D-13BB-3894-8A44-80A7502E745E}"
	ProjectSection(ProjectDependencies) = postProject
	EndProjectSection
EndProject
Project("{8BC9CEB8-8B4A-11D0-8D11-00A0C91BC942}") = "emx_cli", "emx_cli.vcxproj", "{6D49F378-5EB4-3778-80F8-CFFEE9DD48E8}"
	ProjectSection(ProjectDependencies) = postProject
		{113C053D-13BB-3894-8A44-80A7502E745E} = {113C053D-13BB-3894-8A44-80A7502E745E}
		{D58F94A3-1050-38F8-A7F1-3B3FF679DD54} = {D58F94A3-1050-38F8-A7F1-3B3FF679DD54}
	EndProjectSection
EndProject
Project("{8BC9CEB8-8B4A-11D0-8D11-00A0C91BC942}") = "entropymax", "entropymax.vcxproj", "{D58F94A3-1050-38F8-A7F1-3B3FF679DD54}"
	ProjectSection(ProjectDependencies) = postProject
		{113C053D-13BB-3894-8A44-80A7502E745E} = {113C053D-13BB-3894-8A44-80A7502E745E}
	EndProjectSection
EndProject
Project("{8BC9CEB8-8B4A-11D0-8D11-00A0C91BC942}") = "parquet_io", "parquet_io.vcxproj", "{3A8FB88F-B468-3629-B768-A95935FD73F2}"
	ProjectSection(ProjectDependencies) = postProject
		{113C053D-13BB-3894-8A44-80A7502E745E} = {113C053D-13BB-3894-8A44-80A7502E745E}
	EndProjectSection
EndProject
Project("{8BC9CEB8-8B4A-11D0-8D11-00A0C91BC942}") = "run_entropymax", "run_entropymax.vcxproj", "{E67D7F69-D02A-35CE-968E-9D75E66D9CDE}"
	ProjectSection(ProjectDependencies) = postProject
		{113C053D-13BB-3894-8A44-80A7502E745E} = {113C053D-13BB-3894-8A44-80A7502E745E}
		{D58F94A3-1050-38F8-A7F1-3B3FF679DD54} = {D58F94A3-1050-38F8-A7F1-3B3FF679DD54}
		{3A8FB88F-B468-3629-B768-A95935FD73F2} = {3A8FB88F-B468-3629-B768-A95935FD73F2}
	EndProjectSection
EndProject
Project("{8BC9CEB8-8B4A-11D0-8D11-00A0C91BC942}") = "test_backend", "test_backend.vcxproj", "{A1BB0F0B-568A-3FB6-AD7E-CC3D1A46D144}"
	ProjectSection(ProjectDependencies) = postProject
		{113C053D-13BB-3894-8A44-80A7502E745E} = {113C053D-13BB-3894-8A44-80A7502E745E}
		{D58F94A3-1050-38F8-A7F1-3B3FF679DD54} = {D58F94A3-1050-38F8-A7F1-3B3FF679DD54}
	EndProjectSection
EndProject
Global
	GlobalSection(SolutionConfigurationPlatforms) = preSolution
		Debug|x64 = Debug|x64
		Release|x64 = Release|x64
		MinSizeRel|x64 = MinSizeRel|x64
		RelWithDebInfo|x64 = RelWithDebInfo|x64
	EndGlobalSection
	GlobalSection(ProjectConfigurationPlatforms) = postSolution
		{68F1BF8A-2146-342B-8646-DA88AC49F401}.Debug|x64.ActiveCfg = Debug|x64
		{68F1BF8A-2146-342B-8646-DA88AC49F401}.Release|x64.ActiveCfg = Release|x64
		{68F1BF8A-2146-342B-8646-DA88AC49F401}.MinSizeRel|x64.ActiveCfg = MinSizeRel|x64
		{68F1BF8A-2146-342B-8646-DA88AC49F401}.RelWithDebInfo|x64.ActiveCfg = RelWithDebInfo|x64
		{9D26A4D4-2A41-3EEA-B99C-A8F283C93EF3}.Debug|x64.ActiveCfg = Debug|x64
		{9D26A4D4-2A41-3EEA-B99C-A8F283C93EF3}.Release|x64.ActiveCfg = Release|x64
		{9D26A4D4-2A41-3EEA-B99C-A8F283C93EF3}.MinSizeRel|x64.ActiveCfg = MinSizeRel|x64
		{9D26A4D4-2A41-3EEA-B99C-A8F283C93EF3}.RelWithDebInfo|x64.ActiveCfg = RelWithDebInfo|x64
		{113C053D-13BB-3894-8A44-80A7502E745E}.Debug|x64.ActiveCfg = Debug|x64
		{113C053D-13BB-3894-8A44-80A7502E745E}.Debug|x64.Build.0 = Debug|x64
		{113C053D-13BB-3894-8A44-80A7502E745E}.Release|x64.ActiveCfg = Release|x64
		{113C053D-13BB-3894-8A44-80A7502E745E}.Release|x64.Build.0 = Release|x64
		{113C053D-13BB-3894-8A44-80A7502E745E}.MinSizeRel|x64.ActiveCfg = MinSizeRel|x64
		{113C053D-13BB-3894-8A44-80A7502E745E}.MinSizeRel|x64.Build.0 = MinSizeRel|x64
		{113C053D-13BB-3894-8A44-80A7502E745E}.RelWithDebInfo|x64.ActiveCfg = RelWithDebInfo|x64
		{113C053D-13BB-3894-8A44-80A7502E745E}.RelWithDebInfo|x64.Build.0 = RelWithDebInfo|x64
		{6D49F378-5EB4-3778-80F8-CFFEE9DD48E8}.Debug|x64.ActiveCfg = Debug|x64
		{6D49F378-5EB4-3778-80F8-CFFEE9DD48E8}.Debug|x64.Build.0 = Debug|x64
		{6D49F378-5EB4-3778-80F8-CFFEE9DD48E8}.Release|x64.ActiveCfg = Release|x64
		{6D49F378-5EB4-3778-80F8-CFFEE9DD48E8}.Release|x64.Build.0 = Release|x64
		{6D49F378-5EB4-3778-80F8-CFFEE9DD48E8}.MinSizeRel|x64.ActiveCfg = MinSizeRel|x64
		{6D49F378-5EB4-3778-80F8-CFFEE9DD48E8}.MinSizeRel|x64.Build.0 = MinSizeRel|x64
		{6D49F378-5EB4-3778-80F8-CFFEE9DD48E8}.RelWithDebInfo|x64.ActiveCfg = RelWithDebInfo|x64
		{6D49F378-5EB4-3778-80F8-CFFEE9DD48E8}.RelWithDebInfo|x64.Build.0 = RelWithDebInfo|x64
		{D58F94A3-1050-38F8-A7F1-3B3FF679DD54}.Debug|x64.ActiveCfg = Debug|x64
		{D58F94A3-1050-38F8-A7F1-3B3FF679DD54}.Debug|x64.Build.0 = Debug|x64
		{D58F94A3-1050-38F8-A7F1-3B3FF679DD54}.Release|x64.ActiveCfg = Release|x64
		{D58F94A3-1050-38F8-A7F1-3B3FF679DD54}.Release|x64.Build.0 = Release|x64
		{D58F94A3-1050-38F8-A7F1-3B3FF679DD54}.MinSizeRel|x64.ActiveCfg = MinSizeRel|x64
		{D58F94A3-1050-38F8-A7F1-3B3FF679DD54}.MinSizeRel|x64.Build.0 = MinSizeRel|x64
		{D58F94A3-1050-38F8-A7F1-3B3FF679DD54}.RelWithDebInfo|x64.ActiveCfg = RelWithDebInfo|x64
		{D58F94A3-1050-38F8-A7F1-3B3FF679DD54}.RelWithDebInfo|x64.Build.0 = RelWithDebInfo|x64
		{3A8FB88F-B468-3629-B768-A95935FD73F2}.Debug|x64.ActiveCfg = Debug|x64
		{3A8FB88F-B468-3629-B768-A95935FD73F2}.Debug|x64.Build.0 = Debug|x64
		{3A8FB88F-B468-3629-B768-A95935FD73F2}.Release|x64.ActiveCfg = Release|x64
		{3A8FB88F-B468-3629-B768-A95935FD73F2}.Release|x64.Build.0 = Release|x64
		{3A8FB88F-B468-3629-B768-A95935FD73F2}.MinSizeRel|x64.ActiveCfg = MinSizeRel|x64
		{3A8FB88F-B468-3629-B768-A95935FD73F2}.MinSizeRel|x64.Build.0 = MinSizeRel|x64
		{3A8FB88F-B468-3629-B768-A95935FD73F2}.RelWithDebInfo|x64.ActiveCfg = RelWithDebInfo|x64
		{3A8FB88F-B468-3629-B768-A95935FD73F2}.RelWithDebInfo|x64.Build.0 = RelWithDebInfo|x64
		{E67D7F69-D02A-35CE-968E-9D75E66D9CDE}.Debug|x64.ActiveCfg = Debug|x64
		{E67D7F69-D02A-35CE-968E-9D75E66D9CDE}.Debug|x64.Build.0 = Debug|x64
		{E67D7F69-D02A-35CE-968E-9D75E66D9CDE}.Release|x64.ActiveCfg = Release|x64
		{E67D7F69-D02A-35CE-968E-9D75E66D9CDE}.Release|x64.Build.0 = Release|x64
		{E67D7F69-D02A-35CE-968E-9D75E66D9CDE}.MinSizeRel|x64.ActiveCfg = MinSizeRel|x64
		{E67D7F69-D02A-35CE-968E-9D75E66D9CDE}.MinSizeRel|x64.Build.0 = MinSizeRel|x64
		{E67D7F69-D02A-35CE-968E-9D75E66D9CDE}.RelWithDebInfo|x64.ActiveCfg = RelWithDebInfo|x64
		{E67D7F69-D02A-35CE-968E-9D75E66D9CDE}.RelWithDebInfo|x64.Build.0 = RelWithDebInfo|x64
		{A1BB0F0B-568A-3FB6-AD7E-CC3D1A46D144}.Debug|x64.ActiveCfg = Debug|x64
		{A1BB0F0B-568A-3FB6-AD7E-CC3D1A46D144}.Debug|x64.Build.0 = Debug|x64
		{A1BB0F0B-568A-3FB6-AD7E-CC3D1A46D144}.Release|x64.ActiveCfg = Release|x64
		{A1BB0F0B-568A-3FB6-AD7E-CC3D1A46D144}.Release|x64.Build.0 = Release|x64
		{A1BB0F0B-568A-3FB6-AD7E-CC3D1A46D144}.MinSizeRel|x64.ActiveCfg = MinSizeRel|x64
		{A1BB0F0B-568A-3FB6-AD7E-CC3D1A46D144}.MinSizeRel|x64.Build.0 = MinSizeRel|x64
		{A1BB0F0B-568A-3FB6-AD7E-CC3D1A46D144}.RelWithDebInfo|x64.ActiveCfg = RelWithDebInfo|x64
		{A1BB0F0B-568A-3FB6-AD7E-CC3D1A46D144}.RelWithDebInfo|x64.Build.0 = RelWithDebInfo|x64
	EndGlobalSection
	GlobalSection(ExtensibilityGlobals) = postSolution
		SolutionGuid = {0882AFF0-B3CA-3847-858F-4853110EA1D3}
	EndGlobalSection
	GlobalSection(ExtensibilityAddIns) = postSolution
	EndGlobalSection
EndGlobal
